
Microsoft Visual Studio Solution File, Format Version 12.00
# Visual Studio Version 17
VisualStudioVersion = 17.14.36203.30 d17.14
MinimumVisualStudioVersion = 10.0.40219.1
Project("{FAE04EC0-301F-11D3-BF4B-00C04F79EFBC}") = "Domain", "Domain\Domain.csproj", "{187C4878-46FD-4353-8E22-7E6245C845E8}"
EndProject
Project("{FAE04EC0-301F-11D3-BF4B-00C04F79EFBC}") = "Application", "Application\Application.csproj", "{80C8C180-8606-4809-87B1-05E599573C9C}"
EndProject
Project("{FAE04EC0-301F-11D3-BF4B-00C04F79EFBC}") = "Infrastructure", "Infrastructure\Infrastructure.csproj", "{21117514-0CA3-43D9-98CA-AF56D2227725}"
EndProject
Project("{FAE04EC0-301F-11D3-BF4B-00C04F79EFBC}") = "Api", "Api\Api.csproj", "{45E12980-8C06-42C9-83F2-547566C57601}"
EndProject
Global
	GlobalSection(SolutionConfigurationPlatforms) = preSolution
		Debug|Any CPU = Debug|Any CPU
		Release|Any CPU = Release|Any CPU
	EndGlobalSection
	GlobalSection(ProjectConfigurationPlatforms) = postSolution
		{187C4878-46FD-4353-8E22-7E6245C845E8}.Debug|Any CPU.ActiveCfg = Debug|Any CPU
		{187C4878-46FD-4353-8E22-7E6245C845E8}.Debug|Any CPU.Build.0 = Debug|Any CPU
		{187C4878-46FD-4353-8E22-7E6245C845E8}.Release|Any CPU.ActiveCfg = Release|Any CPU
		{187C4878-46FD-4353-8E22-7E6245C845E8}.Release|Any CPU.Build.0 = Release|Any CPU
		{80C8C180-8606-4809-87B1-05E599573C9C}.Debug|Any CPU.ActiveCfg = Debug|Any CPU
		{80C8C180-8606-4809-87B1-05E599573C9C}.Debug|Any CPU.Build.0 = Debug|Any CPU
		{80C8C180-8606-4809-87B1-05E599573C9C}.Release|Any CPU.ActiveCfg = Release|Any CPU
		{80C8C180-8606-4809-87B1-05E599573C9C}.Release|Any CPU.Build.0 = Release|Any CPU
		{21117514-0CA3-43D9-98CA-AF56D2227725}.Debug|Any CPU.ActiveCfg = Debug|Any CPU
		{21117514-0CA3-43D9-98CA-AF56D2227725}.Debug|Any CPU.Build.0 = Debug|Any CPU
		{21117514-0CA3-43D9-98CA-AF56D2227725}.Release|Any CPU.ActiveCfg = Release|Any CPU
		{21117514-0CA3-43D9-98CA-AF56D2227725}.Release|Any CPU.Build.0 = Release|Any CPU
		{45E12980-8C06-42C9-83F2-547566C57601}.Debug|Any CPU.ActiveCfg = Debug|Any CPU
		{45E12980-8C06-42C9-83F2-547566C57601}.Debug|Any CPU.Build.0 = Debug|Any CPU
		{45E12980-8C06-42C9-83F2-547566C57601}.Release|Any CPU.ActiveCfg = Release|Any CPU
		{45E12980-8C06-42C9-83F2-547566C57601}.Release|Any CPU.Build.0 = Release|Any CPU
	EndGlobalSection
	GlobalSection(SolutionProperties) = preSolution
		HideSolutionNode = FALSE
	EndGlobalSection
	GlobalSection(ExtensibilityGlobals) = postSolution
		SolutionGuid = {62099EA6-0465-422C-B105-DC5D5A4C0B33}
	EndGlobalSection
EndGlobal
